// !$*UTF8*$!
{
	archiveVersion = 1;
	classes = {
	};
	objectVersion = 77;
	objects = {

/* Begin PBXBuildFile section */
		AA8582552F253C2C00D21CCF /* Auth in Frameworks */ = {isa = PBXBuildFile; productRef = AA8582542F253C2C00D21CCF /* Auth */; };
		AA8582572F253C2C00D21CCF /* Functions in Frameworks */ = {isa = PBXBuildFile; productRef = AA8582562F253C2C00D21CCF /* Functions */; };
		AA8582592F253C2C00D21CCF /* PostgREST in Frameworks */ = {isa = PBXBuildFile; productRef = AA8582582F253C2C00D21CCF /* PostgREST */; };
		AA85825B2F253C2C00D21CCF /* Realtime in Frameworks */ = {isa = PBXBuildFile; productRef = AA85825A2F253C2C00D21CCF /* Realtime */; };
		AA85825D2F253C2C00D21CCF /* Storage in Frameworks */ = {isa = PBXBuildFile; productRef = AA85825C2F253C2C00D21CCF /* Storage */; };
		AA8582632F253CE800D21CCF /* Supabase in Frameworks */ = {isa = PBXBuildFile; productRef = AA8582622F253CE800D21CCF /* Supabase */; };
		AA8582652F253E5000D21CCF /* Config.xcconfig in Resources */ = {isa = PBXBuildFile; fileRef = AA8582642F253E5000D21CCF /* Config.xcconfig */; };
/* End PBXBuildFile section */

/* Begin PBXContainerItemProxy section */
		AA8582372F253BDE00D21CCF /* PBXContainerItemProxy */ = {
			isa = PBXContainerItemProxy;
			containerPortal = AA8582212F253BDC00D21CCF /* Project object */;
			proxyType = 1;
			remoteGlobalIDString = AA8582282F253BDC00D21CCF;
			remoteInfo = Listo;
		};
		AA8582412F253BDE00D21CCF /* PBXContainerItemProxy */ = {
			isa = PBXContainerItemProxy;
			containerPortal = AA8582212F253BDC00D21CCF /* Project object */;
			proxyType = 1;
			remoteGlobalIDString = AA8582282F253BDC00D21CCF;
			remoteInfo = Listo;
		};
/* End PBXContainerItemProxy section */

/* Begin PBXFileReference section */
		AA8582292F253BDC00D21CCF /* Listo.app */ = {isa = PBXFileReference; explicitFileType = wrapper.application; includeInIndex = 0; path = Listo.app; sourceTree = BUILT_PRODUCTS_DIR; };
		AA8582362F253BDE00D21CCF /* ListoTests.xctest */ = {isa = PBXFileReference; explicitFileType = wrapper.cfbundle; includeInIndex = 0; path = ListoTests.xctest; sourceTree = BUILT_PRODUCTS_DIR; };
		AA8582402F253BDE00D21CCF /* ListoUITests.xctest */ = {isa = PBXFileReference; explicitFileType = wrapper.cfbundle; includeInIndex = 0; path = ListoUITests.xctest; sourceTree = BUILT_PRODUCTS_DIR; };
		AA8582642F253E5000D21CCF /* Config.xcconfig */ = {isa = PBXFileReference; lastKnownFileType = text.xcconfig; path = Config.xcconfig; sourceTree = "<group>"; };
/* End PBXFileReference section */

/* Begin PBXFileSystemSynchronizedBuildFileExceptionSet section */
		AA85826C2F2655CD00D21CCF /* Exceptions for "Listo" folder in "Listo" target */ = {
			isa = PBXFileSystemSynchronizedBuildFileExceptionSet;
			membershipExceptions = (
				Info.plist,
			);
			target = AA8582282F253BDC00D21CCF /* Listo */;
		};
/* End PBXFileSystemSynchronizedBuildFileExceptionSet section */

/* Begin PBXFileSystemSynchronizedRootGroup section */
		AA85822B2F253BDC00D21CCF /* Listo */ = {
			isa = PBXFileSystemSynchronizedRootGroup;
			exceptions = (
				AA85826C2F2655CD00D21CCF /* Exceptions for "Listo" folder in "Listo" target */,
			);
			path = Listo;
			sourceTree = "<group>";
		};
		AA8582392F253BDE00D21CCF /* ListoTests */ = {
			isa = PBXFileSystemSynchronizedRootGroup;
			path = ListoTests;
			sourceTree = "<group>";
		};
		AA8582432F253BDE00D21CCF /* ListoUITests */ = {
			isa = PBXFileSystemSynchronizedRootGroup;
			path = ListoUITests;
			sourceTree = "<group>";
		};
/* End PBXFileSystemSynchronizedRootGroup section */

/* Begin PBXFrameworksBuildPhase section */
		AA8582262F253BDC00D21CCF /* Frameworks */ = {
			isa = PBXFrameworksBuildPhase;
			buildActionMask = 2147483647;
			files = (
				AA8582592F253C2C00D21CCF /* PostgREST in Frameworks */,
				AA8582572F253C2C00D21CCF /* Functions in Frameworks */,
				AA8582632F253CE800D21CCF /* Supabase in Frameworks */,
				AA8582552F253C2C00D21CCF /* Auth in Frameworks */,
				AA85825D2F253C2C00D21CCF /* Storage in Frameworks */,
				AA85825B2F253C2C00D21CCF /* Realtime in Frameworks */,
			);
			runOnlyForDeploymentPostprocessing = 0;
		};
		AA8582332F253BDE00D21CCF /* Frameworks */ = {
			isa = PBXFrameworksBuildPhase;
			buildActionMask = 2147483647;
			files = (
			);
			runOnlyForDeploymentPostprocessing = 0;
		};
		AA85823D2F253BDE00D21CCF /* Frameworks */ = {
			isa = PBXFrameworksBuildPhase;
			buildActionMask = 2147483647;
			files = (
			);
			runOnlyForDeploymentPostprocessing = 0;
		};
/* End PBXFrameworksBuildPhase section */

/* Begin PBXGroup section */
		AA8582202F253BDC00D21CCF = {
			isa = PBXGroup;
			children = (
				AA8582642F253E5000D21CCF /* Config.xcconfig */,
				AA85822B2F253BDC00D21CCF /* Listo */,
				AA8582392F253BDE00D21CCF /* ListoTests */,
				AA8582432F253BDE00D21CCF /* ListoUITests */,
				AA85822A2F253BDC00D21CCF /* Products */,
			);
			sourceTree = "<group>";
		};
		AA85822A2F253BDC00D21CCF /* Products */ = {
			isa = PBXGroup;
			children = (
				AA8582292F253BDC00D21CCF /* Listo.app */,
				AA8582362F253BDE00D21CCF /* ListoTests.xctest */,
				AA8582402F253BDE00D21CCF /* ListoUITests.xctest */,
			);
			name = Products;
			sourceTree = "<group>";
		};
/* End PBXGroup section */

/* Begin PBXNativeTarget section */
		AA8582282F253BDC00D21CCF /* Listo */ = {
			isa = PBXNativeTarget;
			buildConfigurationList = AA85824A2F253BDE00D21CCF /* Build configuration list for PBXNativeTarget "Listo" */;
			buildPhases = (
				AA8582252F253BDC00D21CCF /* Sources */,
				AA8582262F253BDC00D21CCF /* Frameworks */,
				AA8582272F253BDC00D21CCF /* Resources */,
			);
			buildRules = (
			);
			dependencies = (
			);
			fileSystemSynchronizedGroups = (
				AA85822B2F253BDC00D21CCF /* Listo */,
			);
			name = Listo;
			packageProductDependencies = (
				AA8582542F253C2C00D21CCF /* Auth */,
				AA8582562F253C2C00D21CCF /* Functions */,
				AA8582582F253C2C00D21CCF /* PostgREST */,
				AA85825A2F253C2C00D21CCF /* Realtime */,
				AA85825C2F253C2C00D21CCF /* Storage */,
				AA8582622F253CE800D21CCF /* Supabase */,
			);
			productName = Listo;
			productReference = AA8582292F253BDC00D21CCF /* Listo.app */;
			productType = "com.apple.product-type.application";
		};
		AA8582352F253BDE00D21CCF /* ListoTests */ = {
			isa = PBXNativeTarget;
			buildConfigurationList = AA85824D2F253BDE00D21CCF /* Build configuration list for PBXNativeTarget "ListoTests" */;
			buildPhases = (
				AA8582322F253BDE00D21CCF /* Sources */,
				AA8582332F253BDE00D21CCF /* Frameworks */,
				AA8582342F253BDE00D21CCF /* Resources */,
			);
			buildRules = (
			);
			dependencies = (
				AA8582382F253BDE00D21CCF /* PBXTargetDependency */,
			);
			fileSystemSynchronizedGroups = (
				AA8582392F253BDE00D21CCF /* ListoTests */,
			);
			name = ListoTests;
			packageProductDependencies = (
			);
			productName = ListoTests;
			productReference = AA8582362F253BDE00D21CCF /* ListoTests.xctest */;
			productType = "com.apple.product-type.bundle.unit-test";
		};
		AA85823F2F253BDE00D21CCF /* ListoUITests */ = {
			isa = PBXNativeTarget;
			buildConfigurationList = AA8582502F253BDE00D21CCF /* Build configuration list for PBXNativeTarget "ListoUITests" */;
			buildPhases = (
				AA85823C2F253BDE00D21CCF /* Sources */,
				AA85823D2F253BDE00D21CCF /* Frameworks */,
				AA85823E2F253BDE00D21CCF /* Resources */,
			);
			buildRules = (
			);
			dependencies = (
				AA8582422F253BDE00D21CCF /* PBXTargetDependency */,
			);
			fileSystemSynchronizedGroups = (
				AA8582432F253BDE00D21CCF /* ListoUITests */,
			);
			name = ListoUITests;
			packageProductDependencies = (
			);
			productName = ListoUITests;
			productReference = AA8582402F253BDE00D21CCF /* ListoUITests.xctest */;
			productType = "com.apple.product-type.bundle.ui-testing";
		};
/* End PBXNativeTarget section */

/* Begin PBXProject section */
		AA8582212F253BDC00D21CCF /* Project object */ = {
			isa = PBXProject;
			attributes = {
				BuildIndependentTargetsInParallel = 1;
				LastSwiftUpdateCheck = 2600;
				LastUpgradeCheck = 2600;
				TargetAttributes = {
					AA8582282F253BDC00D21CCF = {
						CreatedOnToolsVersion = 26.0.1;
					};
					AA8582352F253BDE00D21CCF = {
						CreatedOnToolsVersion = 26.0.1;
						TestTargetID = AA8582282F253BDC00D21CCF;
					};
					AA85823F2F253BDE00D21CCF = {
						CreatedOnToolsVersion = 26.0.1;
						TestTargetID = AA8582282F253BDC00D21CCF;
					};
				};
			};
			buildConfigurationList = AA8582242F253BDC00D21CCF /* Build configuration list for PBXProject "Listo" */;
			developmentRegion = en;
			hasScannedForEncodings = 0;
			knownRegions = (
				en,
				Base,
			);
			mainGroup = AA8582202F253BDC00D21CCF;
			minimizedProjectReferenceProxies = 1;
			packageReferences = (
				AA8582532F253C2C00D21CCF /* XCRemoteSwiftPackageReference "supabase-swift" */,
			);
			preferredProjectObjectVersion = 77;
			productRefGroup = AA85822A2F253BDC00D21CCF /* Products */;
			projectDirPath = "";
			projectRoot = "";
			targets = (
				AA8582282F253BDC00D21CCF /* Listo */,
				AA8582352F253BDE00D21CCF /* ListoTests */,
				AA85823F2F253BDE00D21CCF /* ListoUITests */,
			);
		};
/* End PBXProject section */

/* Begin PBXResourcesBuildPhase section */
		AA8582272F253BDC00D21CCF /* Resources */ = {
			isa = PBXResourcesBuildPhase;
			buildActionMask = 2147483647;
			files = (
				AA8582652F253E5000D21CCF /* Config.xcconfig in Resources */,
			);
			runOnlyForDeploymentPostprocessing = 0;
		};
		AA8582342F253BDE00D21CCF /* Resources */ = {
			isa = PBXResourcesBuildPhase;
			buildActionMask = 2147483647;
			files = (
			);
			runOnlyForDeploymentPostprocessing = 0;
		};
		AA85823E2F253BDE00D21CCF /* Resources */ = {
			isa = PBXResourcesBuildPhase;
			buildActionMask = 2147483647;
			files = (
			);
			runOnlyForDeploymentPostprocessing = 0;
		};
/* End PBXResourcesBuildPhase section */

/* Begin PBXSourcesBuildPhase section */
		AA8582252F253BDC00D21CCF /* Sources */ = {
			isa = PBXSourcesBuildPhase;
			buildActionMask = 2147483647;
			files = (
			);
			runOnlyForDeploymentPostprocessing = 0;
		};
		AA8582322F253BDE00D21CCF /* Sources */ = {
			isa = PBXSourcesBuildPhase;
			buildActionMask = 2147483647;
			files = (
			);
			runOnlyForDeploymentPostprocessing = 0;
		};
		AA85823C2F253BDE00D21CCF /* Sources */ = {
			isa = PBXSourcesBuildPhase;
			buildActionMask = 2147483647;
			files = (
			);
			runOnlyForDeploymentPostprocessing = 0;
		};
/* End PBXSourcesBuildPhase section */

/* Begin PBXTargetDependency section */
		AA8582382F253BDE00D21CCF /* PBXTargetDependency */ = {
			isa = PBXTargetDependency;
			target = AA8582282F253BDC00D21CCF /* Listo */;
			targetProxy = AA8582372F253BDE00D21CCF /* PBXContainerItemProxy */;
		};
		AA8582422F253BDE00D21CCF /* PBXTargetDependency */ = {
			isa = PBXTargetDependency;
			target = AA8582282F253BDC00D21CCF /* Listo */;
			targetProxy = AA8582412F253BDE00D21CCF /* PBXContainerItemProxy */;
		};
/* End PBXTargetDependency section */

/* Begin XCBuildConfiguration section */
		AA8582482F253BDE00D21CCF /* Debug */ = {
			isa = XCBuildConfiguration;
			baseConfigurationReference = AA8582642F253E5000D21CCF /* Config.xcconfig */;
			buildSettings = {
				ALWAYS_SEARCH_USER_PATHS = NO;
				ASSETCATALOG_COMPILER_GENERATE_SWIFT_ASSET_SYMBOL_EXTENSIONS = YES;
				CLANG_ANALYZER_NONNULL = YES;
				CLANG_ANALYZER_NUMBER_OBJECT_CONVERSION = YES_AGGRESSIVE;
				CLANG_CXX_LANGUAGE_STANDARD = "gnu++20";
				CLANG_ENABLE_MODULES = YES;
				CLANG_ENABLE_OBJC_ARC = YES;
				CLANG_ENABLE_OBJC_WEAK = YES;
				CLANG_WARN_BLOCK_CAPTURE_AUTORELEASING = YES;
				CLANG_WARN_BOOL_CONVERSION = YES;
				CLANG_WARN_COMMA = YES;
				CLANG_WARN_CONSTANT_CONVERSION = YES;
				CLANG_WARN_DEPRECATED_OBJC_IMPLEMENTATIONS = YES;
				CLANG_WARN_DIRECT_OBJC_ISA_USAGE = YES_ERROR;
				CLANG_WARN_DOCUMENTATION_COMMENTS = YES;
				CLANG_WARN_EMPTY_BODY = YES;
				CLANG_WARN_ENUM_CONVERSION = YES;
				CLANG_WARN_INFINITE_RECURSION = YES;
				CLANG_WARN_INT_CONVERSION = YES;
				CLANG_WARN_NON_LITERAL_NULL_CONVERSION = YES;
				CLANG_WARN_OBJC_IMPLICIT_RETAIN_SELF = YES;
				CLANG_WARN_OBJC_LITERAL_CONVERSION = YES;
				CLANG_WARN_OBJC_ROOT_CLASS = YES_ERROR;
				CLANG_WARN_QUOTED_INCLUDE_IN_FRAMEWORK_HEADER = YES;
				CLANG_WARN_RANGE_LOOP_ANALYSIS = YES;
				CLANG_WARN_STRICT_PROTOTYPES = YES;
				CLANG_WARN_SUSPICIOUS_MOVE = YES;
				CLANG_WARN_UNGUARDED_AVAILABILITY = YES_AGGRESSIVE;
				CLANG_WARN_UNREACHABLE_CODE = YES;
				CLANG_WARN__DUPLICATE_METHOD_MATCH = YES;
				COPY_PHASE_STRIP = NO;
				DEBUG_INFORMATION_FORMAT = dwarf;
				DEVELOPMENT_TEAM = 97VPU3Y33R;
				ENABLE_STRICT_OBJC_MSGSEND = YES;
				ENABLE_TESTABILITY = YES;
				ENABLE_USER_SCRIPT_SANDBOXING = YES;
				GCC_C_LANGUAGE_STANDARD = gnu17;
				GCC_DYNAMIC_NO_PIC = NO;
				GCC_NO_COMMON_BLOCKS = YES;
				GCC_OPTIMIZATION_LEVEL = 0;
				GCC_PREPROCESSOR_DEFINITIONS = (
					"DEBUG=1",
					"$(inherited)",
				);
				GCC_WARN_64_TO_32_BIT_CONVERSION = YES;
				GCC_WARN_ABOUT_RETURN_TYPE = YES_ERROR;
				GCC_WARN_UNDECLARED_SELECTOR = YES;
				GCC_WARN_UNINITIALIZED_AUTOS = YES_AGGRESSIVE;
				GCC_WARN_UNUSED_FUNCTION = YES;
				GCC_WARN_UNUSED_VARIABLE = YES;
				IPHONEOS_DEPLOYMENT_TARGET = 26.0;
				LOCALIZATION_PREFERS_STRING_CATALOGS = YES;
				MTL_ENABLE_DEBUG_INFO = INCLUDE_SOURCE;
				MTL_FAST_MATH = YES;
				ONLY_ACTIVE_ARCH = YES;
				SDKROOT = iphoneos;
				SWIFT_ACTIVE_COMPILATION_CONDITIONS = "DEBUG $(inherited)";
				SWIFT_OPTIMIZATION_LEVEL = "-Onone";
			};
			name = Debug;
		};
		AA8582492F253BDE00D21CCF /* Release */ = {
			isa = XCBuildConfiguration;
			baseConfigurationReference = AA8582642F253E5000D21CCF /* Config.xcconfig */;
			buildSettings = {
				ALWAYS_SEARCH_USER_PATHS = NO;
				ASSETCATALOG_COMPILER_GENERATE_SWIFT_ASSET_SYMBOL_EXTENSIONS = YES;
				CLANG_ANALYZER_NONNULL = YES;
				CLANG_ANALYZER_NUMBER_OBJECT_CONVERSION = YES_AGGRESSIVE;
				CLANG_CXX_LANGUAGE_STANDARD = "gnu++20";
				CLANG_ENABLE_MODULES = YES;
				CLANG_ENABLE_OBJC_ARC = YES;
				CLANG_ENABLE_OBJC_WEAK = YES;
				CLANG_WARN_BLOCK_CAPTURE_AUTORELEASING = YES;
				CLANG_WARN_BOOL_CONVERSION = YES;
				CLANG_WARN_COMMA = YES;
				CLANG_WARN_CONSTANT_CONVERSION = YES;
				CLANG_WARN_DEPRECATED_OBJC_IMPLEMENTATIONS = YES;
				CLANG_WARN_DIRECT_OBJC_ISA_USAGE = YES_ERROR;
				CLANG_WARN_DOCUMENTATION_COMMENTS = YES;
				CLANG_WARN_EMPTY_BODY = YES;
				CLANG_WARN_ENUM_CONVERSION = YES;
				CLANG_WARN_INFINITE_RECURSION = YES;
				CLANG_WARN_INT_CONVERSION = YES;
				CLANG_WARN_NON_LITERAL_NULL_CONVERSION = YES;
				CLANG_WARN_OBJC_IMPLICIT_RETAIN_SELF = YES;
				CLANG_WARN_OBJC_LITERAL_CONVERSION = YES;
				CLANG_WARN_OBJC_ROOT_CLASS = YES_ERROR;
				CLANG_WARN_QUOTED_INCLUDE_IN_FRAMEWORK_HEADER = YES;
				CLANG_WARN_RANGE_LOOP_ANALYSIS = YES;
				CLANG_WARN_STRICT_PROTOTYPES = YES;
				CLANG_WARN_SUSPICIOUS_MOVE = YES;
				CLANG_WARN_UNGUARDED_AVAILABILITY = YES_AGGRESSIVE;
				CLANG_WARN_UNREACHABLE_CODE = YES;
				CLANG_WARN__DUPLICATE_METHOD_MATCH = YES;
				COPY_PHASE_STRIP = NO;
				DEBUG_INFORMATION_FORMAT = "dwarf-with-dsym";
				DEVELOPMENT_TEAM = 97VPU3Y33R;
				ENABLE_NS_ASSERTIONS = NO;
				ENABLE_STRICT_OBJC_MSGSEND = YES;
				ENABLE_USER_SCRIPT_SANDBOXING = YES;
				GCC_C_LANGUAGE_STANDARD = gnu17;
				GCC_NO_COMMON_BLOCKS = YES;
				GCC_WARN_64_TO_32_BIT_CONVERSION = YES;
				GCC_WARN_ABOUT_RETURN_TYPE = YES_ERROR;
				GCC_WARN_UNDECLARED_SELECTOR = YES;
				GCC_WARN_UNINITIALIZED_AUTOS = YES_AGGRESSIVE;
				GCC_WARN_UNUSED_FUNCTION = YES;
				GCC_WARN_UNUSED_VARIABLE = YES;
				IPHONEOS_DEPLOYMENT_TARGET = 26.0;
				LOCALIZATION_PREFERS_STRING_CATALOGS = YES;
				MTL_ENABLE_DEBUG_INFO = NO;
				MTL_FAST_MATH = YES;
				SDKROOT = iphoneos;
				SWIFT_COMPILATION_MODE = wholemodule;
				VALIDATE_PRODUCT = YES;
			};
			name = Release;
		};
		AA85824B2F253BDE00D21CCF /* Debug */ = {
			isa = XCBuildConfiguration;
			baseConfigurationReference = AA8582642F253E5000D21CCF /* Config.xcconfig */;
			buildSettings = {
				ASSETCATALOG_COMPILER_APPICON_NAME = AppIcon;
				ASSETCATALOG_COMPILER_GLOBAL_ACCENT_COLOR_NAME = AccentColor;
				CODE_SIGN_STYLE = Automatic;
				CURRENT_PROJECT_VERSION = 1;
				DEVELOPMENT_TEAM = 97VPU3Y33R;
				ENABLE_PREVIEWS = YES;
				GENERATE_INFOPLIST_FILE = YES;
				INFOPLIST_FILE = Listo/Info.plist;
				INFOPLIST_KEY_UIApplicationSceneManifest_Generation = YES;
				INFOPLIST_KEY_UIApplicationSupportsIndirectInputEvents = YES;
				INFOPLIST_KEY_UILaunchScreen_Generation = YES;
				INFOPLIST_KEY_UISupportedInterfaceOrientations_iPad = "UIInterfaceOrientationPortrait UIInterfaceOrientationPortraitUpsideDown UIInterfaceOrientationLandscapeLeft UIInterfaceOrientationLandscapeRight";
				INFOPLIST_KEY_UISupportedInterfaceOrientations_iPhone = "UIInterfaceOrientationPortrait UIInterfaceOrientationLandscapeLeft UIInterfaceOrientationLandscapeRight";
				LD_RUNPATH_SEARCH_PATHS = (
					"$(inherited)",
					"@executable_path/Frameworks",
				);
				MARKETING_VERSION = 1.0;
				PRODUCT_BUNDLE_IDENTIFIER = com.stevenguele.Listo;
				PRODUCT_NAME = "$(TARGET_NAME)";
				STRING_CATALOG_GENERATE_SYMBOLS = YES;
				SWIFT_APPROACHABLE_CONCURRENCY = YES;
				SWIFT_DEFAULT_ACTOR_ISOLATION = MainActor;
				SWIFT_EMIT_LOC_STRINGS = YES;
				SWIFT_UPCOMING_FEATURE_MEMBER_IMPORT_VISIBILITY = YES;
				SWIFT_VERSION = 5.0;
				TARGETED_DEVICE_FAMILY = "1,2";
			};
			name = Debug;
		};
		AA85824C2F253BDE00D21CCF /* Release */ = {
			isa = XCBuildConfiguration;
			baseConfigurationReference = AA8582642F253E5000D21CCF /* Config.xcconfig */;
			buildSettings = {
				ASSETCATALOG_COMPILER_APPICON_NAME = AppIcon;
				ASSETCATALOG_COMPILER_GLOBAL_ACCENT_COLOR_NAME = AccentColor;
				CODE_SIGN_STYLE = Automatic;
				CURRENT_PROJECT_VERSION = 1;
				DEVELOPMENT_TEAM = 97VPU3Y33R;
				ENABLE_PREVIEWS = YES;
				GENERATE_INFOPLIST_FILE = YES;
				INFOPLIST_FILE = Listo/Info.plist;
				INFOPLIST_KEY_UIApplicationSceneManifest_Generation = YES;
				INFOPLIST_KEY_UIApplicationSupportsIndirectInputEvents = YES;
				INFOPLIST_KEY_UILaunchScreen_Generation = YES;
				INFOPLIST_KEY_UISupportedInterfaceOrientations_iPad = "UIInterfaceOrientationPortrait UIInterfaceOrientationPortraitUpsideDown UIInterfaceOrientationLandscapeLeft UIInterfaceOrientationLandscapeRight";
				INFOPLIST_KEY_UISupportedInterfaceOrientations_iPhone = "UIInterfaceOrientationPortrait UIInterfaceOrientationLandscapeLeft UIInterfaceOrientationLandscapeRight";
				LD_RUNPATH_SEARCH_PATHS = (
					"$(inherited)",
					"@executable_path/Frameworks",
				);
				MARKETING_VERSION = 1.0;
				PRODUCT_BUNDLE_IDENTIFIER = com.stevenguele.Listo;
				PRODUCT_NAME = "$(TARGET_NAME)";
				STRING_CATALOG_GENERATE_SYMBOLS = YES;
				SWIFT_APPROACHABLE_CONCURRENCY = YES;
				SWIFT_DEFAULT_ACTOR_ISOLATION = MainActor;
				SWIFT_EMIT_LOC_STRINGS = YES;
				SWIFT_UPCOMING_FEATURE_MEMBER_IMPORT_VISIBILITY = YES;
				SWIFT_VERSION = 5.0;
				TARGETED_DEVICE_FAMILY = "1,2";
			};
			name = Release;
		};
		AA85824E2F253BDE00D21CCF /* Debug */ = {
			isa = XCBuildConfiguration;
			baseConfigurationReference = AA8582642F253E5000D21CCF /* Config.xcconfig */;
			buildSettings = {
				BUNDLE_LOADER = "$(TEST_HOST)";
				CODE_SIGN_STYLE = Automatic;
				CURRENT_PROJECT_VERSION = 1;
				DEVELOPMENT_TEAM = 97VPU3Y33R;
				GENERATE_INFOPLIST_FILE = YES;
				IPHONEOS_DEPLOYMENT_TARGET = 26.0;
				MARKETING_VERSION = 1.0;
				PRODUCT_BUNDLE_IDENTIFIER = com.stevenguele.ListoTests;
				PRODUCT_NAME = "$(TARGET_NAME)";
				STRING_CATALOG_GENERATE_SYMBOLS = NO;
				SWIFT_APPROACHABLE_CONCURRENCY = YES;
				SWIFT_EMIT_LOC_STRINGS = NO;
				SWIFT_UPCOMING_FEATURE_MEMBER_IMPORT_VISIBILITY = YES;
				SWIFT_VERSION = 5.0;
				TARGETED_DEVICE_FAMILY = "1,2";
				TEST_HOST = "$(BUILT_PRODUCTS_DIR)/Listo.app/$(BUNDLE_EXECUTABLE_FOLDER_PATH)/Listo";
			};
			name = Debug;
		};
		AA85824F2F253BDE00D21CCF /* Release */ = {
			isa = XCBuildConfiguration;
			baseConfigurationReference = AA8582642F253E5000D21CCF /* Config.xcconfig */;
			buildSettings = {
				BUNDLE_LOADER = "$(TEST_HOST)";
				CODE_SIGN_STYLE = Automatic;
				CURRENT_PROJECT_VERSION = 1;
				DEVELOPMENT_TEAM = 97VPU3Y33R;
				GENERATE_INFOPLIST_FILE = YES;
				IPHONEOS_DEPLOYMENT_TARGET = 26.0;
				MARKETING_VERSION = 1.0;
				PRODUCT_BUNDLE_IDENTIFIER = com.stevenguele.ListoTests;
				PRODUCT_NAME = "$(TARGET_NAME)";
				STRING_CATALOG_GENERATE_SYMBOLS = NO;
				SWIFT_APPROACHABLE_CONCURRENCY = YES;
				SWIFT_EMIT_LOC_STRINGS = NO;
				SWIFT_UPCOMING_FEATURE_MEMBER_IMPORT_VISIBILITY = YES;
				SWIFT_VERSION = 5.0;
				TARGETED_DEVICE_FAMILY = "1,2";
				TEST_HOST = "$(BUILT_PRODUCTS_DIR)/Listo.app/$(BUNDLE_EXECUTABLE_FOLDER_PATH)/Listo";
			};
			name = Release;
		};
		AA8582512F253BDE00D21CCF /* Debug */ = {
			isa = XCBuildConfiguration;
			baseConfigurationReference = AA8582642F253E5000D21CCF /* Config.xcconfig */;
			buildSettings = {
				CODE_SIGN_STYLE = Automatic;
				CURRENT_PROJECT_VERSION = 1;
				DEVELOPMENT_TEAM = 97VPU3Y33R;
				GENERATE_INFOPLIST_FILE = YES;
				MARKETING_VERSION = 1.0;
				PRODUCT_BUNDLE_IDENTIFIER = com.stevenguele.ListoUITests;
				PRODUCT_NAME = "$(TARGET_NAME)";
				STRING_CATALOG_GENERATE_SYMBOLS = NO;
				SWIFT_APPROACHABLE_CONCURRENCY = YES;
				SWIFT_EMIT_LOC_STRINGS = NO;
				SWIFT_UPCOMING_FEATURE_MEMBER_IMPORT_VISIBILITY = YES;
				SWIFT_VERSION = 5.0;
				TARGETED_DEVICE_FAMILY = "1,2";
				TEST_TARGET_NAME = Listo;
			};
			name = Debug;
		};
		AA8582522F253BDE00D21CCF /* Release */ = {
			isa = XCBuildConfiguration;
			baseConfigurationReference = AA8582642F253E5000D21CCF /* Config.xcconfig */;
			buildSettings = {
				CODE_SIGN_STYLE = Automatic;
				CURRENT_PROJECT_VERSION = 1;
				DEVELOPMENT_TEAM = 97VPU3Y33R;
				GENERATE_INFOPLIST_FILE = YES;
				MARKETING_VERSION = 1.0;
				PRODUCT_BUNDLE_IDENTIFIER = com.stevenguele.ListoUITests;
				PRODUCT_NAME = "$(TARGET_NAME)";
				STRING_CATALOG_GENERATE_SYMBOLS = NO;
				SWIFT_APPROACHABLE_CONCURRENCY = YES;
				SWIFT_EMIT_LOC_STRINGS = NO;
				SWIFT_UPCOMING_FEATURE_MEMBER_IMPORT_VISIBILITY = YES;
				SWIFT_VERSION = 5.0;
				TARGETED_DEVICE_FAMILY = "1,2";
				TEST_TARGET_NAME = Listo;
			};
			name = Release;
		};
/* End XCBuildConfiguration section */

/* Begin XCConfigurationList section */
		AA8582242F253BDC00D21CCF /* Build configuration list for PBXProject "Listo" */ = {
			isa = XCConfigurationList;
			buildConfigurations = (
				AA8582482F253BDE00D21CCF /* Debug */,
				AA8582492F253BDE00D21CCF /* Release */,
			);
			defaultConfigurationIsVisible = 0;
			defaultConfigurationName = Release;
		};
		AA85824A2F253BDE00D21CCF /* Build configuration list for PBXNativeTarget "Listo" */ = {
			isa = XCConfigurationList;
			buildConfigurations = (
				AA85824B2F253BDE00D21CCF /* Debug */,
				AA85824C2F253BDE00D21CCF /* Release */,
			);
			defaultConfigurationIsVisible = 0;
			defaultConfigurationName = Release;
		};
		AA85824D2F253BDE00D21CCF /* Build configuration list for PBXNativeTarget "ListoTests" */ = {
			isa = XCConfigurationList;
			buildConfigurations = (
				AA85824E2F253BDE00D21CCF /* Debug */,
				AA85824F2F253BDE00D21CCF /* Release */,
			);
			defaultConfigurationIsVisible = 0;
			defaultConfigurationName = Release;
		};
		AA8582502F253BDE00D21CCF /* Build configuration list for PBXNativeTarget "ListoUITests" */ = {
			isa = XCConfigurationList;
			buildConfigurations = (
				AA8582512F253BDE00D21CCF /* Debug */,
				AA8582522F253BDE00D21CCF /* Release */,
			);
			defaultConfigurationIsVisible = 0;
			defaultConfigurationName = Release;
		};
/* End XCConfigurationList section */

/* Begin XCRemoteSwiftPackageReference section */
		AA8582532F253C2C00D21CCF /* XCRemoteSwiftPackageReference "supabase-swift" */ = {
			isa = XCRemoteSwiftPackageReference;
			repositoryURL = "https://github.com/supabase/supabase-swift";
			requirement = {
				kind = upToNextMajorVersion;
				minimumVersion = 2.5.1;
			};
		};
/* End XCRemoteSwiftPackageReference section */

/* Begin XCSwiftPackageProductDependency section */
		AA8582542F253C2C00D21CCF /* Auth */ = {
			isa = XCSwiftPackageProductDependency;
			package = AA8582532F253C2C00D21CCF /* XCRemoteSwiftPackageReference "supabase-swift" */;
			productName = Auth;
		};
		AA8582562F253C2C00D21CCF /* Functions */ = {
			isa = XCSwiftPackageProductDependency;
			package = AA8582532F253C2C00D21CCF /* XCRemoteSwiftPackageReference "supabase-swift" */;
			productName = Functions;
		};
		AA8582582F253C2C00D21CCF /* PostgREST */ = {
			isa = XCSwiftPackageProductDependency;
			package = AA8582532F253C2C00D21CCF /* XCRemoteSwiftPackageReference "supabase-swift" */;
			productName = PostgREST;
		};
		AA85825A2F253C2C00D21CCF /* Realtime */ = {
			isa = XCSwiftPackageProductDependency;
			package = AA8582532F253C2C00D21CCF /* XCRemoteSwiftPackageReference "supabase-swift" */;
			productName = Realtime;
		};
		AA85825C2F253C2C00D21CCF /* Storage */ = {
			isa = XCSwiftPackageProductDependency;
			package = AA8582532F253C2C00D21CCF /* XCRemoteSwiftPackageReference "supabase-swift" */;
			productName = Storage;
		};
		AA8582622F253CE800D21CCF /* Supabase */ = {
			isa = XCSwiftPackageProductDependency;
			package = AA8582532F253C2C00D21CCF /* XCRemoteSwiftPackageReference "supabase-swift" */;
			productName = Supabase;
		};
/* End XCSwiftPackageProductDependency section */
	};
	rootObject = AA8582212F253BDC00D21CCF /* Project object */;
}
